
Microsoft Visual Studio Solution File, Format Version 12.00
# Visual Studio Version 17
VisualStudioVersion = 17.6.33829.357
MinimumVisualStudioVersion = 10.0.40219.1
Project("{FAE04EC0-301F-11D3-BF4B-00C04F79EFBC}") = "Monke2", "Monke2\Monke2.csproj", "{5CDE7A41-2117-4F0A-AD2C-8E4497C06761}"
EndProject
Global
	GlobalSection(SolutionConfigurationPlatforms) = preSolution
		Debug|Any CPU = Debug|Any CPU
		Release|Any CPU = Release|Any CPU
	EndGlobalSection
	GlobalSection(ProjectConfigurationPlatforms) = postSolution
		{5CDE7A41-2117-4F0A-AD2C-8E4497C06761}.Debug|Any CPU.ActiveCfg = Debug|Any CPU
		{5CDE7A41-2117-4F0A-AD2C-8E4497C06761}.Debug|Any CPU.Build.0 = Debug|Any CPU
		{5CDE7A41-2117-4F0A-AD2C-8E4497C06761}.Release|Any CPU.ActiveCfg = Release|Any CPU
		{5CDE7A41-2117-4F0A-AD2C-8E4497C06761}.Release|Any CPU.Build.0 = Release|Any CPU
	EndGlobalSection
	GlobalSection(SolutionProperties) = preSolution
		HideSolutionNode = FALSE
	EndGlobalSection
	GlobalSection(ExtensibilityGlobals) = postSolution
		SolutionGuid = {E20DEF17-7656-4FA6-B1C0-EC70E2DDCFA4}
	EndGlobalSection
EndGlobal
